// !$*UTF8*$!
{
	archiveVersion = 1;
	classes = {
	};
	objectVersion = 56;
	objects = {

/* Begin PBXBuildFile section */
		93AE9B9629B2645000093BE5 /* main.m in Sources */ = {isa = PBXBuildFile; fileRef = 93AE9B9529B2645000093BE5 /* main.m */; };
		93AE9B9D29B2654700093BE5 /* StringCalculator.m in Sources */ = {isa = PBXBuildFile; fileRef = 93AE9B9C29B2654700093BE5 /* StringCalculator.m */; };
		93AE9BA529B265A000093BE5 /* unitTests.m in Sources */ = {isa = PBXBuildFile; fileRef = 93AE9BA429B265A000093BE5 /* unitTests.m */; };
/* End PBXBuildFile section */

/* Begin PBXCopyFilesBuildPhase section */
		93AE9B9029B2645000093BE5 /* CopyFiles */ = {
			isa = PBXCopyFilesBuildPhase;
			buildActionMask = 2147483647;
			dstPath = /usr/share/man/man1/;
			dstSubfolderSpec = 0;
			files = (
			);
			runOnlyForDeploymentPostprocessing = 1;
		};
/* End PBXCopyFilesBuildPhase section */

/* Begin PBXFileReference section */
		93AE9B9229B2645000093BE5 /* tdd_test_002 */ = {isa = PBXFileReference; explicitFileType = "compiled.mach-o.executable"; includeInIndex = 0; path = tdd_test_002; sourceTree = BUILT_PRODUCTS_DIR; };
		93AE9B9529B2645000093BE5 /* main.m */ = {isa = PBXFileReference; lastKnownFileType = sourcecode.c.objc; path = main.m; sourceTree = "<group>"; };
		93AE9B9C29B2654700093BE5 /* StringCalculator.m */ = {isa = PBXFileReference; lastKnownFileType = sourcecode.c.objc; path = StringCalculator.m; sourceTree = "<group>"; };
		93AE9BA229B265A000093BE5 /* unitTests.xctest */ = {isa = PBXFileReference; explicitFileType = wrapper.cfbundle; includeInIndex = 0; path = unitTests.xctest; sourceTree = BUILT_PRODUCTS_DIR; };
		93AE9BA429B265A000093BE5 /* unitTests.m */ = {isa = PBXFileReference; lastKnownFileType = sourcecode.c.objc; path = unitTests.m; sourceTree = "<group>"; };
/* End PBXFileReference section */

/* Begin PBXFrameworksBuildPhase section */
		93AE9B8F29B2645000093BE5 /* Frameworks */ = {
			isa = PBXFrameworksBuildPhase;
			buildActionMask = 2147483647;
			files = (
			);
			runOnlyForDeploymentPostprocessing = 0;
		};
		93AE9B9F29B265A000093BE5 /* Frameworks */ = {
			isa = PBXFrameworksBuildPhase;
			buildActionMask = 2147483647;
			files = (
			);
			runOnlyForDeploymentPostprocessing = 0;
		};
/* End PBXFrameworksBuildPhase section */

/* Begin PBXGroup section */
		93AE9B8929B2645000093BE5 = {
			isa = PBXGroup;
			children = (
				93AE9B9429B2645000093BE5 /* tdd_test_002 */,
				93AE9BA329B265A000093BE5 /* unitTests */,
				93AE9B9329B2645000093BE5 /* Products */,
			);
			sourceTree = "<group>";
		};
		93AE9B9329B2645000093BE5 /* Products */ = {
			isa = PBXGroup;
			children = (
				93AE9B9229B2645000093BE5 /* tdd_test_002 */,
				93AE9BA229B265A000093BE5 /* unitTests.xctest */,
			);
			name = Products;
			sourceTree = "<group>";
		};
		93AE9B9429B2645000093BE5 /* tdd_test_002 */ = {
			isa = PBXGroup;
			children = (
				93AE9B9529B2645000093BE5 /* main.m */,
				93AE9B9C29B2654700093BE5 /* StringCalculator.m */,
			);
			path = tdd_test_002;
			sourceTree = "<group>";
		};
		93AE9BA329B265A000093BE5 /* unitTests */ = {
			isa = PBXGroup;
			children = (
				93AE9BA429B265A000093BE5 /* unitTests.m */,
			);
			path = unitTests;
			sourceTree = "<group>";
		};
/* End PBXGroup section */

/* Begin PBXNativeTarget section */
		93AE9B9129B2645000093BE5 /* tdd_test_002 */ = {
			isa = PBXNativeTarget;
			buildConfigurationList = 93AE9B9929B2645000093BE5 /* Build configuration list for PBXNativeTarget "tdd_test_002" */;
			buildPhases = (
				93AE9B8E29B2645000093BE5 /* Sources */,
				93AE9B8F29B2645000093BE5 /* Frameworks */,
				93AE9B9029B2645000093BE5 /* CopyFiles */,
			);
			buildRules = (
			);
			dependencies = (
			);
			name = tdd_test_002;
			productName = tdd_test_002;
			productReference = 93AE9B9229B2645000093BE5 /* tdd_test_002 */;
			productType = "com.apple.product-type.tool";
		};
		93AE9BA129B265A000093BE5 /* unitTests */ = {
			isa = PBXNativeTarget;
			buildConfigurationList = 93AE9BA629B265A000093BE5 /* Build configuration list for PBXNativeTarget "unitTests" */;
			buildPhases = (
				93AE9B9E29B265A000093BE5 /* Sources */,
				93AE9B9F29B265A000093BE5 /* Frameworks */,
				93AE9BA029B265A000093BE5 /* Resources */,
			);
			buildRules = (
			);
			dependencies = (
			);
			name = unitTests;
			productName = unitTests;
			productReference = 93AE9BA229B265A000093BE5 /* unitTests.xctest */;
			productType = "com.apple.product-type.bundle.unit-test";
		};
/* End PBXNativeTarget section */

/* Begin PBXProject section */
		93AE9B8A29B2645000093BE5 /* Project object */ = {
			isa = PBXProject;
			attributes = {
				BuildIndependentTargetsInParallel = 1;
				LastUpgradeCheck = 1420;
				TargetAttributes = {
					93AE9B9129B2645000093BE5 = {
						CreatedOnToolsVersion = 14.2;
					};
					93AE9BA129B265A000093BE5 = {
						CreatedOnToolsVersion = 14.2;
					};
				};
			};
			buildConfigurationList = 93AE9B8D29B2645000093BE5 /* Build configuration list for PBXProject "tdd_test_002" */;
			compatibilityVersion = "Xcode 14.0";
			developmentRegion = en;
			hasScannedForEncodings = 0;
			knownRegions = (
				en,
				Base,
			);
			mainGroup = 93AE9B8929B2645000093BE5;
			productRefGroup = 93AE9B9329B2645000093BE5 /* Products */;
			projectDirPath = "";
			projectRoot = "";
			targets = (
				93AE9B9129B2645000093BE5 /* tdd_test_002 */,
				93AE9BA129B265A000093BE5 /* unitTests */,
			);
		};
/* End PBXProject section */

/* Begin PBXResourcesBuildPhase section */
		93AE9BA029B265A000093BE5 /* Resources */ = {
			isa = PBXResourcesBuildPhase;
			buildActionMask = 2147483647;
			files = (
			);
			runOnlyForDeploymentPostprocessing = 0;
		};
/* End PBXResourcesBuildPhase section */

/* Begin PBXSourcesBuildPhase section */
		93AE9B8E29B2645000093BE5 /* Sources */ = {
			isa = PBXSourcesBuildPhase;
			buildActionMask = 2147483647;
			files = (
				93AE9B9D29B2654700093BE5 /* StringCalculator.m in Sources */,
				93AE9B9629B2645000093BE5 /* main.m in Sources */,
			);
			runOnlyForDeploymentPostprocessing = 0;
		};
		93AE9B9E29B265A000093BE5 /* Sources */ = {
			isa = PBXSourcesBuildPhase;
			buildActionMask = 2147483647;
			files = (
				93AE9BA529B265A000093BE5 /* unitTests.m in Sources */,
			);
			runOnlyForDeploymentPostprocessing = 0;
		};
/* End PBXSourcesBuildPhase section */

/* Begin XCBuildConfiguration section */
		93AE9B9729B2645000093BE5 /* Debug */ = {
			isa = XCBuildConfiguration;
			buildSettings = {
				ALWAYS_SEARCH_USER_PATHS = NO;
				CLANG_ANALYZER_NONNULL = YES;
				CLANG_ANALYZER_NUMBER_OBJECT_CONVERSION = YES_AGGRESSIVE;
				CLANG_CXX_LANGUAGE_STANDARD = "gnu++20";
				CLANG_ENABLE_MODULES = YES;
				CLANG_ENABLE_OBJC_ARC = YES;
				CLANG_ENABLE_OBJC_WEAK = YES;
				CLANG_WARN_BLOCK_CAPTURE_AUTORELEASING = YES;
				CLANG_WARN_BOOL_CONVERSION = YES;
				CLANG_WARN_COMMA = YES;
				CLANG_WARN_CONSTANT_CONVERSION = YES;
				CLANG_WARN_DEPRECATED_OBJC_IMPLEMENTATIONS = YES;
				CLANG_WARN_DIRECT_OBJC_ISA_USAGE = YES_ERROR;
				CLANG_WARN_DOCUMENTATION_COMMENTS = YES;
				CLANG_WARN_EMPTY_BODY = YES;
				CLANG_WARN_ENUM_CONVERSION = YES;
				CLANG_WARN_INFINITE_RECURSION = YES;
				CLANG_WARN_INT_CONVERSION = YES;
				CLANG_WARN_NON_LITERAL_NULL_CONVERSION = YES;
				CLANG_WARN_OBJC_IMPLICIT_RETAIN_SELF = YES;
				CLANG_WARN_OBJC_LITERAL_CONVERSION = YES;
				CLANG_WARN_OBJC_ROOT_CLASS = YES_ERROR;
				CLANG_WARN_QUOTED_INCLUDE_IN_FRAMEWORK_HEADER = YES;
				CLANG_WARN_RANGE_LOOP_ANALYSIS = YES;
				CLANG_WARN_STRICT_PROTOTYPES = YES;
				CLANG_WARN_SUSPICIOUS_MOVE = YES;
				CLANG_WARN_UNGUARDED_AVAILABILITY = YES_AGGRESSIVE;
				CLANG_WARN_UNREACHABLE_CODE = YES;
				CLANG_WARN__DUPLICATE_METHOD_MATCH = YES;
				COPY_PHASE_STRIP = NO;
				DEBUG_INFORMATION_FORMAT = dwarf;
				ENABLE_STRICT_OBJC_MSGSEND = YES;
				ENABLE_TESTABILITY = YES;
				GCC_C_LANGUAGE_STANDARD = gnu11;
				GCC_DYNAMIC_NO_PIC = NO;
				GCC_NO_COMMON_BLOCKS = YES;
				GCC_OPTIMIZATION_LEVEL = 0;
				GCC_PREPROCESSOR_DEFINITIONS = (
					"DEBUG=1",
					"$(inherited)",
				);
				GCC_WARN_64_TO_32_BIT_CONVERSION = YES;
				GCC_WARN_ABOUT_RETURN_TYPE = YES_ERROR;
				GCC_WARN_UNDECLARED_SELECTOR = YES;
				GCC_WARN_UNINITIALIZED_AUTOS = YES_AGGRESSIVE;
				GCC_WARN_UNUSED_FUNCTION = YES;
				GCC_WARN_UNUSED_VARIABLE = YES;
				MACOSX_DEPLOYMENT_TARGET = 13.1;
				MTL_ENABLE_DEBUG_INFO = INCLUDE_SOURCE;
				MTL_FAST_MATH = YES;
				ONLY_ACTIVE_ARCH = YES;
				SDKROOT = macosx;
			};
			name = Debug;
		};
		93AE9B9829B2645000093BE5 /* Release */ = {
			isa = XCBuildConfiguration;
			buildSettings = {
				ALWAYS_SEARCH_USER_PATHS = NO;
				CLANG_ANALYZER_NONNULL = YES;
				CLANG_ANALYZER_NUMBER_OBJECT_CONVERSION = YES_AGGRESSIVE;
				CLANG_CXX_LANGUAGE_STANDARD = "gnu++20";
				CLANG_ENABLE_MODULES = YES;
				CLANG_ENABLE_OBJC_ARC = YES;
				CLANG_ENABLE_OBJC_WEAK = YES;
				CLANG_WARN_BLOCK_CAPTURE_AUTORELEASING = YES;
				CLANG_WARN_BOOL_CONVERSION = YES;
				CLANG_WARN_COMMA = YES;
				CLANG_WARN_CONSTANT_CONVERSION = YES;
				CLANG_WARN_DEPRECATED_OBJC_IMPLEMENTATIONS = YES;
				CLANG_WARN_DIRECT_OBJC_ISA_USAGE = YES_ERROR;
				CLANG_WARN_DOCUMENTATION_COMMENTS = YES;
				CLANG_WARN_EMPTY_BODY = YES;
				CLANG_WARN_ENUM_CONVERSION = YES;
				CLANG_WARN_INFINITE_RECURSION = YES;
				CLANG_WARN_INT_CONVERSION = YES;
				CLANG_WARN_NON_LITERAL_NULL_CONVERSION = YES;
				CLANG_WARN_OBJC_IMPLICIT_RETAIN_SELF = YES;
				CLANG_WARN_OBJC_LITERAL_CONVERSION = YES;
				CLANG_WARN_OBJC_ROOT_CLASS = YES_ERROR;
				CLANG_WARN_QUOTED_INCLUDE_IN_FRAMEWORK_HEADER = YES;
				CLANG_WARN_RANGE_LOOP_ANALYSIS = YES;
				CLANG_WARN_STRICT_PROTOTYPES = YES;
				CLANG_WARN_SUSPICIOUS_MOVE = YES;
				CLANG_WARN_UNGUARDED_AVAILABILITY = YES_AGGRESSIVE;
				CLANG_WARN_UNREACHABLE_CODE = YES;
				CLANG_WARN__DUPLICATE_METHOD_MATCH = YES;
				COPY_PHASE_STRIP = NO;
				DEBUG_INFORMATION_FORMAT = "dwarf-with-dsym";
				ENABLE_NS_ASSERTIONS = NO;
				ENABLE_STRICT_OBJC_MSGSEND = YES;
				GCC_C_LANGUAGE_STANDARD = gnu11;
				GCC_NO_COMMON_BLOCKS = YES;
				GCC_WARN_64_TO_32_BIT_CONVERSION = YES;
				GCC_WARN_ABOUT_RETURN_TYPE = YES_ERROR;
				GCC_WARN_UNDECLARED_SELECTOR = YES;
				GCC_WARN_UNINITIALIZED_AUTOS = YES_AGGRESSIVE;
				GCC_WARN_UNUSED_FUNCTION = YES;
				GCC_WARN_UNUSED_VARIABLE = YES;
				MACOSX_DEPLOYMENT_TARGET = 13.1;
				MTL_ENABLE_DEBUG_INFO = NO;
				MTL_FAST_MATH = YES;
				SDKROOT = macosx;
			};
			name = Release;
		};
		93AE9B9A29B2645000093BE5 /* Debug */ = {
			isa = XCBuildConfiguration;
			buildSettings = {
				CODE_SIGN_STYLE = Automatic;
				DEVELOPMENT_TEAM = CCNS82YAY6;
				ENABLE_HARDENED_RUNTIME = YES;
				PRODUCT_NAME = "$(TARGET_NAME)";
			};
			name = Debug;
		};
		93AE9B9B29B2645000093BE5 /* Release */ = {
			isa = XCBuildConfiguration;
			buildSettings = {
				CODE_SIGN_STYLE = Automatic;
				DEVELOPMENT_TEAM = CCNS82YAY6;
				ENABLE_HARDENED_RUNTIME = YES;
				PRODUCT_NAME = "$(TARGET_NAME)";
			};
			name = Release;
		};
		93AE9BA729B265A000093BE5 /* Debug */ = {
			isa = XCBuildConfiguration;
			buildSettings = {
				CODE_SIGN_STYLE = Automatic;
				CURRENT_PROJECT_VERSION = 1;
				DEVELOPMENT_TEAM = CCNS82YAY6;
				GENERATE_INFOPLIST_FILE = YES;
				MARKETING_VERSION = 1.0;
				PRODUCT_BUNDLE_IDENTIFIER = com.kaizenstudiogames.unitTests;
				PRODUCT_NAME = "$(TARGET_NAME)";
				SWIFT_EMIT_LOC_STRINGS = NO;
			};
			name = Debug;
		};
		93AE9BA829B265A000093BE5 /* Release */ = {
			isa = XCBuildConfiguration;
			buildSettings = {
				CODE_SIGN_STYLE = Automatic;
				CURRENT_PROJECT_VERSION = 1;
				DEVELOPMENT_TEAM = CCNS82YAY6;
				GENERATE_INFOPLIST_FILE = YES;
				MARKETING_VERSION = 1.0;
				PRODUCT_BUNDLE_IDENTIFIER = com.kaizenstudiogames.unitTests;
				PRODUCT_NAME = "$(TARGET_NAME)";
				SWIFT_EMIT_LOC_STRINGS = NO;
			};
			name = Release;
		};
/* End XCBuildConfiguration section */

/* Begin XCConfigurationList section */
		93AE9B8D29B2645000093BE5 /* Build configuration list for PBXProject "tdd_test_002" */ = {
			isa = XCConfigurationList;
			buildConfigurations = (
				93AE9B9729B2645000093BE5 /* Debug */,
				93AE9B9829B2645000093BE5 /* Release */,
			);
			defaultConfigurationIsVisible = 0;
			defaultConfigurationName = Release;
		};
		93AE9B9929B2645000093BE5 /* Build configuration list for PBXNativeTarget "tdd_test_002" */ = {
			isa = XCConfigurationList;
			buildConfigurations = (
				93AE9B9A29B2645000093BE5 /* Debug */,
				93AE9B9B29B2645000093BE5 /* Release */,
			);
			defaultConfigurationIsVisible = 0;
			defaultConfigurationName = Release;
		};
		93AE9BA629B265A000093BE5 /* Build configuration list for PBXNativeTarget "unitTests" */ = {
			isa = XCConfigurationList;
			buildConfigurations = (
				93AE9BA729B265A000093BE5 /* Debug */,
				93AE9BA829B265A000093BE5 /* Release */,
			);
			defaultConfigurationIsVisible = 0;
			defaultConfigurationName = Release;
		};
/* End XCConfigurationList section */
	};
	rootObject = 93AE9B8A29B2645000093BE5 /* Project object */;
}
