// !$*UTF8*$!
{
	archiveVersion = 1;
	classes = {
	};
	objectVersion = 46;
	objects = {

/* Begin PBXBuildFile section */
		8D9D75961F51C53900814D51 /* main.m in Sources */ = {isa = PBXBuildFile; fileRef = 8D9D75951F51C53900814D51 /* main.m */; };
		8D9D75AA1F51C94700814D51 /* StringCalculator.m in Sources */ = {isa = PBXBuildFile; fileRef = 8D9D75A91F51C94700814D51 /* StringCalculator.m */; };
		8D9D75AF1F51CD0200814D51 /* StringCalculatorTest.m in Sources */ = {isa = PBXBuildFile; fileRef = 8D9D75A21F51C54D00814D51 /* StringCalculatorTest.m */; };
		8D9D75B01F51CD0E00814D51 /* StringCalculator.m in Sources */ = {isa = PBXBuildFile; fileRef = 8D9D75A91F51C94700814D51 /* StringCalculator.m */; };
/* End PBXBuildFile section */

/* Begin PBXCopyFilesBuildPhase section */
		8D9D75901F51C53800814D51 /* CopyFiles */ = {
			isa = PBXCopyFilesBuildPhase;
			buildActionMask = 2147483647;
			dstPath = /usr/share/man/man1/;
			dstSubfolderSpec = 0;
			files = (
			);
			runOnlyForDeploymentPostprocessing = 1;
		};
/* End PBXCopyFilesBuildPhase section */

/* Begin PBXFileReference section */
		8D9D75921F51C53900814D51 /* StringCalculator */ = {isa = PBXFileReference; explicitFileType = "compiled.mach-o.executable"; includeInIndex = 0; path = StringCalculator; sourceTree = BUILT_PRODUCTS_DIR; };
		8D9D75951F51C53900814D51 /* main.m */ = {isa = PBXFileReference; lastKnownFileType = sourcecode.c.objc; path = main.m; sourceTree = "<group>"; };
		8D9D75A01F51C54C00814D51 /* StringCalculatorTest.xctest */ = {isa = PBXFileReference; explicitFileType = wrapper.cfbundle; includeInIndex = 0; path = StringCalculatorTest.xctest; sourceTree = BUILT_PRODUCTS_DIR; };
		8D9D75A21F51C54D00814D51 /* StringCalculatorTest.m */ = {isa = PBXFileReference; lastKnownFileType = sourcecode.c.objc; path = StringCalculatorTest.m; sourceTree = "<group>"; };
		8D9D75A41F51C54D00814D51 /* Info.plist */ = {isa = PBXFileReference; lastKnownFileType = text.plist.xml; path = Info.plist; sourceTree = "<group>"; };
		8D9D75A81F51C94700814D51 /* StringCalculator.h */ = {isa = PBXFileReference; fileEncoding = 4; lastKnownFileType = sourcecode.c.h; path = StringCalculator.h; sourceTree = "<group>"; };
		8D9D75A91F51C94700814D51 /* StringCalculator.m */ = {isa = PBXFileReference; fileEncoding = 4; lastKnownFileType = sourcecode.c.objc; path = StringCalculator.m; sourceTree = "<group>"; };
/* End PBXFileReference section */

/* Begin PBXFrameworksBuildPhase section */
		8D9D758F1F51C53800814D51 /* Frameworks */ = {
			isa = PBXFrameworksBuildPhase;
			buildActionMask = 2147483647;
			files = (
			);
			runOnlyForDeploymentPostprocessing = 0;
		};
		8D9D759D1F51C54C00814D51 /* Frameworks */ = {
			isa = PBXFrameworksBuildPhase;
			buildActionMask = 2147483647;
			files = (
			);
			runOnlyForDeploymentPostprocessing = 0;
		};
/* End PBXFrameworksBuildPhase section */

/* Begin PBXGroup section */
		8D9D75891F51C53800814D51 = {
			isa = PBXGroup;
			children = (
				8D9D75941F51C53900814D51 /* StringCalculator */,
				8D9D75A11F51C54D00814D51 /* StringCalculatorTest */,
				8D9D75931F51C53900814D51 /* Products */,
			);
			sourceTree = "<group>";
		};
		8D9D75931F51C53900814D51 /* Products */ = {
			isa = PBXGroup;
			children = (
				8D9D75921F51C53900814D51 /* StringCalculator */,
				8D9D75A01F51C54C00814D51 /* StringCalculatorTest.xctest */,
			);
			name = Products;
			sourceTree = "<group>";
		};
		8D9D75941F51C53900814D51 /* StringCalculator */ = {
			isa = PBXGroup;
			children = (
				8D9D75951F51C53900814D51 /* main.m */,
				8D9D75A81F51C94700814D51 /* StringCalculator.h */,
				8D9D75A91F51C94700814D51 /* StringCalculator.m */,
			);
			path = StringCalculator;
			sourceTree = "<group>";
		};
		8D9D75A11F51C54D00814D51 /* StringCalculatorTest */ = {
			isa = PBXGroup;
			children = (
				8D9D75A21F51C54D00814D51 /* StringCalculatorTest.m */,
				8D9D75A41F51C54D00814D51 /* Info.plist */,
			);
			path = StringCalculatorTest;
			sourceTree = "<group>";
		};
/* End PBXGroup section */

/* Begin PBXNativeTarget section */
		8D9D75911F51C53800814D51 /* StringCalculator */ = {
			isa = PBXNativeTarget;
			buildConfigurationList = 8D9D75991F51C53900814D51 /* Build configuration list for PBXNativeTarget "StringCalculator" */;
			buildPhases = (
				8D9D758E1F51C53800814D51 /* Sources */,
				8D9D758F1F51C53800814D51 /* Frameworks */,
				8D9D75901F51C53800814D51 /* CopyFiles */,
			);
			buildRules = (
			);
			dependencies = (
			);
			name = StringCalculator;
			productName = StringCalculator;
			productReference = 8D9D75921F51C53900814D51 /* StringCalculator */;
			productType = "com.apple.product-type.tool";
		};
		8D9D759F1F51C54C00814D51 /* StringCalculatorTest */ = {
			isa = PBXNativeTarget;
			buildConfigurationList = 8D9D75A51F51C54D00814D51 /* Build configuration list for PBXNativeTarget "StringCalculatorTest" */;
			buildPhases = (
				8D9D759C1F51C54C00814D51 /* Sources */,
				8D9D759D1F51C54C00814D51 /* Frameworks */,
				8D9D759E1F51C54C00814D51 /* Resources */,
			);
			buildRules = (
			);
			dependencies = (
			);
			name = StringCalculatorTest;
			productName = StringCalculatorTest;
			productReference = 8D9D75A01F51C54C00814D51 /* StringCalculatorTest.xctest */;
			productType = "com.apple.product-type.bundle.unit-test";
		};
/* End PBXNativeTarget section */

/* Begin PBXProject section */
		8D9D758A1F51C53800814D51 /* Project object */ = {
			isa = PBXProject;
			attributes = {
				LastUpgradeCheck = 0830;
				ORGANIZATIONNAME = AaronW;
				TargetAttributes = {
					8D9D75911F51C53800814D51 = {
						CreatedOnToolsVersion = 8.3.2;
						ProvisioningStyle = Automatic;
					};
					8D9D759F1F51C54C00814D51 = {
						CreatedOnToolsVersion = 8.3.2;
						ProvisioningStyle = Automatic;
					};
				};
			};
			buildConfigurationList = 8D9D758D1F51C53800814D51 /* Build configuration list for PBXProject "StringCalculator" */;
			compatibilityVersion = "Xcode 3.2";
			developmentRegion = English;
			hasScannedForEncodings = 0;
			knownRegions = (
				en,
			);
			mainGroup = 8D9D75891F51C53800814D51;
			productRefGroup = 8D9D75931F51C53900814D51 /* Products */;
			projectDirPath = "";
			projectRoot = "";
			targets = (
				8D9D75911F51C53800814D51 /* StringCalculator */,
				8D9D759F1F51C54C00814D51 /* StringCalculatorTest */,
			);
		};
/* End PBXProject section */

/* Begin PBXResourcesBuildPhase section */
		8D9D759E1F51C54C00814D51 /* Resources */ = {
			isa = PBXResourcesBuildPhase;
			buildActionMask = 2147483647;
			files = (
			);
			runOnlyForDeploymentPostprocessing = 0;
		};
/* End PBXResourcesBuildPhase section */

/* Begin PBXSourcesBuildPhase section */
		8D9D758E1F51C53800814D51 /* Sources */ = {
			isa = PBXSourcesBuildPhase;
			buildActionMask = 2147483647;
			files = (
				8D9D75AA1F51C94700814D51 /* StringCalculator.m in Sources */,
				8D9D75961F51C53900814D51 /* main.m in Sources */,
			);
			runOnlyForDeploymentPostprocessing = 0;
		};
		8D9D759C1F51C54C00814D51 /* Sources */ = {
			isa = PBXSourcesBuildPhase;
			buildActionMask = 2147483647;
			files = (
				8D9D75B01F51CD0E00814D51 /* StringCalculator.m in Sources */,
				8D9D75AF1F51CD0200814D51 /* StringCalculatorTest.m in Sources */,
			);
			runOnlyForDeploymentPostprocessing = 0;
		};
/* End PBXSourcesBuildPhase section */

/* Begin XCBuildConfiguration section */
		8D9D75971F51C53900814D51 /* Debug */ = {
			isa = XCBuildConfiguration;
			buildSettings = {
				ALWAYS_SEARCH_USER_PATHS = NO;
				CLANG_ANALYZER_NONNULL = YES;
				CLANG_ANALYZER_NUMBER_OBJECT_CONVERSION = YES_AGGRESSIVE;
				CLANG_CXX_LANGUAGE_STANDARD = "gnu++0x";
				CLANG_CXX_LIBRARY = "libc++";
				CLANG_ENABLE_MODULES = YES;
				CLANG_ENABLE_OBJC_ARC = YES;
				CLANG_WARN_BOOL_CONVERSION = YES;
				CLANG_WARN_CONSTANT_CONVERSION = YES;
				CLANG_WARN_DIRECT_OBJC_ISA_USAGE = YES_ERROR;
				CLANG_WARN_DOCUMENTATION_COMMENTS = YES;
				CLANG_WARN_EMPTY_BODY = YES;
				CLANG_WARN_ENUM_CONVERSION = YES;
				CLANG_WARN_INFINITE_RECURSION = YES;
				CLANG_WARN_INT_CONVERSION = YES;
				CLANG_WARN_OBJC_ROOT_CLASS = YES_ERROR;
				CLANG_WARN_SUSPICIOUS_MOVE = YES;
				CLANG_WARN_UNREACHABLE_CODE = YES;
				CLANG_WARN__DUPLICATE_METHOD_MATCH = YES;
				CODE_SIGN_IDENTITY = "-";
				COPY_PHASE_STRIP = NO;
				DEBUG_INFORMATION_FORMAT = dwarf;
				ENABLE_STRICT_OBJC_MSGSEND = YES;
				ENABLE_TESTABILITY = YES;
				GCC_C_LANGUAGE_STANDARD = gnu99;
				GCC_DYNAMIC_NO_PIC = NO;
				GCC_NO_COMMON_BLOCKS = YES;
				GCC_OPTIMIZATION_LEVEL = 0;
				GCC_PREPROCESSOR_DEFINITIONS = (
					"DEBUG=1",
					"$(inherited)",
				);
				GCC_WARN_64_TO_32_BIT_CONVERSION = YES;
				GCC_WARN_ABOUT_RETURN_TYPE = YES_ERROR;
				GCC_WARN_UNDECLARED_SELECTOR = YES;
				GCC_WARN_UNINITIALIZED_AUTOS = YES_AGGRESSIVE;
				GCC_WARN_UNUSED_FUNCTION = YES;
				GCC_WARN_UNUSED_VARIABLE = YES;
				MACOSX_DEPLOYMENT_TARGET = 10.12;
				MTL_ENABLE_DEBUG_INFO = YES;
				ONLY_ACTIVE_ARCH = YES;
				SDKROOT = macosx;
			};
			name = Debug;
		};
		8D9D75981F51C53900814D51 /* Release */ = {
			isa = XCBuildConfiguration;
			buildSettings = {
				ALWAYS_SEARCH_USER_PATHS = NO;
				CLANG_ANALYZER_NONNULL = YES;
				CLANG_ANALYZER_NUMBER_OBJECT_CONVERSION = YES_AGGRESSIVE;
				CLANG_CXX_LANGUAGE_STANDARD = "gnu++0x";
				CLANG_CXX_LIBRARY = "libc++";
				CLANG_ENABLE_MODULES = YES;
				CLANG_ENABLE_OBJC_ARC = YES;
				CLANG_WARN_BOOL_CONVERSION = YES;
				CLANG_WARN_CONSTANT_CONVERSION = YES;
				CLANG_WARN_DIRECT_OBJC_ISA_USAGE = YES_ERROR;
				CLANG_WARN_DOCUMENTATION_COMMENTS = YES;
				CLANG_WARN_EMPTY_BODY = YES;
				CLANG_WARN_ENUM_CONVERSION = YES;
				CLANG_WARN_INFINITE_RECURSION = YES;
				CLANG_WARN_INT_CONVERSION = YES;
				CLANG_WARN_OBJC_ROOT_CLASS = YES_ERROR;
				CLANG_WARN_SUSPICIOUS_MOVE = YES;
				CLANG_WARN_UNREACHABLE_CODE = YES;
				CLANG_WARN__DUPLICATE_METHOD_MATCH = YES;
				CODE_SIGN_IDENTITY = "-";
				COPY_PHASE_STRIP = NO;
				DEBUG_INFORMATION_FORMAT = "dwarf-with-dsym";
				ENABLE_NS_ASSERTIONS = NO;
				ENABLE_STRICT_OBJC_MSGSEND = YES;
				GCC_C_LANGUAGE_STANDARD = gnu99;
				GCC_NO_COMMON_BLOCKS = YES;
				GCC_WARN_64_TO_32_BIT_CONVERSION = YES;
				GCC_WARN_ABOUT_RETURN_TYPE = YES_ERROR;
				GCC_WARN_UNDECLARED_SELECTOR = YES;
				GCC_WARN_UNINITIALIZED_AUTOS = YES_AGGRESSIVE;
				GCC_WARN_UNUSED_FUNCTION = YES;
				GCC_WARN_UNUSED_VARIABLE = YES;
				MACOSX_DEPLOYMENT_TARGET = 10.12;
				MTL_ENABLE_DEBUG_INFO = NO;
				SDKROOT = macosx;
			};
			name = Release;
		};
		8D9D759A1F51C53900814D51 /* Debug */ = {
			isa = XCBuildConfiguration;
			buildSettings = {
				PRODUCT_NAME = "$(TARGET_NAME)";
			};
			name = Debug;
		};
		8D9D759B1F51C53900814D51 /* Release */ = {
			isa = XCBuildConfiguration;
			buildSettings = {
				PRODUCT_NAME = "$(TARGET_NAME)";
			};
			name = Release;
		};
		8D9D75A61F51C54D00814D51 /* Debug */ = {
			isa = XCBuildConfiguration;
			buildSettings = {
				COMBINE_HIDPI_IMAGES = YES;
				INFOPLIST_FILE = StringCalculatorTest/Info.plist;
				LD_RUNPATH_SEARCH_PATHS = "$(inherited) @executable_path/../Frameworks @loader_path/../Frameworks";
				PRODUCT_BUNDLE_IDENTIFIER = com.example.StringCalculatorTest;
				PRODUCT_NAME = "$(TARGET_NAME)";
			};
			name = Debug;
		};
		8D9D75A71F51C54D00814D51 /* Release */ = {
			isa = XCBuildConfiguration;
			buildSettings = {
				COMBINE_HIDPI_IMAGES = YES;
				INFOPLIST_FILE = StringCalculatorTest/Info.plist;
				LD_RUNPATH_SEARCH_PATHS = "$(inherited) @executable_path/../Frameworks @loader_path/../Frameworks";
				PRODUCT_BUNDLE_IDENTIFIER = com.example.StringCalculatorTest;
				PRODUCT_NAME = "$(TARGET_NAME)";
			};
			name = Release;
		};
/* End XCBuildConfiguration section */

/* Begin XCConfigurationList section */
		8D9D758D1F51C53800814D51 /* Build configuration list for PBXProject "StringCalculator" */ = {
			isa = XCConfigurationList;
			buildConfigurations = (
				8D9D75971F51C53900814D51 /* Debug */,
				8D9D75981F51C53900814D51 /* Release */,
			);
			defaultConfigurationIsVisible = 0;
			defaultConfigurationName = Release;
		};
		8D9D75991F51C53900814D51 /* Build configuration list for PBXNativeTarget "StringCalculator" */ = {
			isa = XCConfigurationList;
			buildConfigurations = (
				8D9D759A1F51C53900814D51 /* Debug */,
				8D9D759B1F51C53900814D51 /* Release */,
			);
			defaultConfigurationIsVisible = 0;
		};
		8D9D75A51F51C54D00814D51 /* Build configuration list for PBXNativeTarget "StringCalculatorTest" */ = {
			isa = XCConfigurationList;
			buildConfigurations = (
				8D9D75A61F51C54D00814D51 /* Debug */,
				8D9D75A71F51C54D00814D51 /* Release */,
			);
			defaultConfigurationIsVisible = 0;
		};
/* End XCConfigurationList section */
	};
	rootObject = 8D9D758A1F51C53800814D51 /* Project object */;
}
